{
  "pins" : [
    {
      "identity" : "bindinghelper",
      "kind" : "remoteSourceControl",
      "location" : "https://github.com/WolfDieterDallinger/BindingHelper",
      "state" : {
        "branch" : "main",
        "revision" : "027e8387e2aba6bd5cdab3ffffed5f1d66261900"
      }
    }
  ],
  "version" : 2
}
